
Microsoft Visual Studio Solution File, Format Version 12.00
# Visual Studio 2012
Project("{FAE04EC0-301F-11D3-BF4B-00C04F79EFBC}") = "classLibrary", "classLibrary\classLibrary.csproj", "{7765985C-0F64-43BB-BAFB-3F70970A2DCA}"
EndProject
Global
	GlobalSection(SolutionConfigurationPlatforms) = preSolution
		Debug|Any CPU = Debug|Any CPU
		Release|Any CPU = Release|Any CPU
	EndGlobalSection
	GlobalSection(ProjectConfigurationPlatforms) = postSolution
		{7765985C-0F64-43BB-BAFB-3F70970A2DCA}.Debug|Any CPU.ActiveCfg = Debug|Any CPU
		{7765985C-0F64-43BB-BAFB-3F70970A2DCA}.Debug|Any CPU.Build.0 = Debug|Any CPU
		{7765985C-0F64-43BB-BAFB-3F70970A2DCA}.Release|Any CPU.ActiveCfg = Release|Any CPU
		{7765985C-0F64-43BB-BAFB-3F70970A2DCA}.Release|Any CPU.Build.0 = Release|Any CPU
	EndGlobalSection
	GlobalSection(SolutionProperties) = preSolution
		HideSolutionNode = FALSE
	EndGlobalSection
EndGlobal
